
Microsoft Visual Studio Solution File, Format Version 12.00
# Visual Studio 15
VisualStudioVersion = 15.0.27130.2027
MinimumVisualStudioVersion = 10.0.40219.1
Project("{9A19103F-16F7-4668-BE54-9A1E7A4F7556}") = "SGPV", "SGPV.csproj", "{86452D28-FDF6-4CBB-AAE9-A480908EE584}"
EndProject
Global
	GlobalSection(SolutionConfigurationPlatforms) = preSolution
		Debug|Any CPU = Debug|Any CPU
		Release|Any CPU = Release|Any CPU
	EndGlobalSection
	GlobalSection(ProjectConfigurationPlatforms) = postSolution
		{86452D28-FDF6-4CBB-AAE9-A480908EE584}.Debug|Any CPU.ActiveCfg = Debug|Any CPU
		{86452D28-FDF6-4CBB-AAE9-A480908EE584}.Debug|Any CPU.Build.0 = Debug|Any CPU
		{86452D28-FDF6-4CBB-AAE9-A480908EE584}.Release|Any CPU.ActiveCfg = Release|Any CPU
		{86452D28-FDF6-4CBB-AAE9-A480908EE584}.Release|Any CPU.Build.0 = Release|Any CPU
	EndGlobalSection
	GlobalSection(SolutionProperties) = preSolution
		HideSolutionNode = FALSE
	EndGlobalSection
	GlobalSection(ExtensibilityGlobals) = postSolution
		SolutionGuid = {9B32FAA0-CB6C-490F-BA87-1959C1979923}
	EndGlobalSection
EndGlobal
